lockfileVersion: '9.0'

settings:
  autoInstallPeers: true
  excludeLinksFromLockfile: false

importers:

  .:
    dependencies:
      '@ant-design/icons':
        specifier: ^5.5.2
        version: 5.6.1(react-dom@18.3.1(react@18.3.1))(react@18.3.1)
      '@ant-design/nextjs-registry':
        specifier: ^1.0.2
        version: 1.3.0(@ant-design/cssinjs@1.24.0(react-dom@18.3.1(react@18.3.1))(react@18.3.1))(antd@5.29.3(react-dom@18.3.1(react@18.3.1))(react@18.3.1))(next@14.2.22(react-dom@18.3.1(react@18.3.1))(react@18.3.1))(react-dom@18.3.1(react@18.3.1))(react@18.3.1)
      antd:
        specifier: ^5.22.6
        version: 5.29.3(react-dom@18.3.1(react@18.3.1))(react@18.3.1)
      dayjs:
        specifier: ^1.11.13
        version: 1.11.19
      next:
        specifier: 14.2.22
        version: 14.2.22(react-dom@18.3.1(react@18.3.1))(react@18.3.1)
      react:
        specifier: ^18.3.1
        version: 18.3.1
      react-dom:
        specifier: ^18.3.1
        version: 18.3.1(react@18.3.1)
      swr:
        specifier: ^2.2.5
        version: 2.4.0(react@18.3.1)
    devDependencies:
      '@types/node':
        specifier: ^20.14.0
        version: 20.19.33
      '@types/react':
        specifier: ^18.3.3
        version: 18.3.28
      '@types/react-dom':
        specifier: ^18.3.0
        version: 18.3.7(@types/react@18.3.28)
      typescript:
        specifier: ^5.5.0
        version: 5.9.3

packages:

  '@ant-design/colors@7.2.1':
    resolution: {integrity: sha512-lCHDcEzieu4GA3n8ELeZ5VQ8pKQAWcGGLRTQ50aQM2iqPpq2evTxER84jfdPvsPAtEcZ7m44NI45edFMo8oOYQ==}

  '@ant-design/cssinjs-utils@1.1.3':
    resolution: {integrity: sha512-nOoQMLW1l+xR1Co8NFVYiP8pZp3VjIIzqV6D6ShYF2ljtdwWJn5WSsH+7kvCktXL/yhEtWURKOfH5Xz/gzlwsg==}
    peerDependencies:
      react: '>=16.9.0'
      react-dom: '>=16.9.0'

  '@ant-design/cssinjs@1.24.0':
    resolution: {integrity: sha512-K4cYrJBsgvL+IoozUXYjbT6LHHNt+19a9zkvpBPxLjFHas1UpPM2A5MlhROb0BT8N8WoavM5VsP9MeSeNK/3mg==}
    peerDependencies:
      react: '>=16.0.0'
      react-dom: '>=16.0.0'

  '@ant-design/fast-color@2.0.6':
    resolution: {integrity: sha512-y2217gk4NqL35giHl72o6Zzqji9O7vHh9YmhUVkPtAOpoTCH4uWxo/pr4VE8t0+ChEPs0qo4eJRC5Q1eXWo3vA==}
    engines: {node: '>=8.x'}

  '@ant-design/icons-svg@4.4.2':
    resolution: {integrity: sha512-vHbT+zJEVzllwP+CM+ul7reTEfBR0vgxFe7+lREAsAA7YGsYpboiq2sQNeQeRvh09GfQgs/GyFEvZpJ9cLXpXA==}

  '@ant-design/icons@5.6.1':
    resolution: {integrity: sha512-0/xS39c91WjPAZOWsvi1//zjx6kAp4kxWwctR6kuU6p133w8RU0D2dSCvZC19uQyharg/sAvYxGYWl01BbZZfg==}
    engines: {node: '>=8'}
    peerDependencies:
      react: '>=16.0.0'
      react-dom: '>=16.0.0'

  '@ant-design/nextjs-registry@1.3.0':
    resolution: {integrity: sha512-lHlg5bnj3LPYHUD+iZsO1k11NhIrx1mLWh2DXQ0m3Ly3OSaYfgeHX0WoVXxdVjEGjjYnPTe+OUY7YvU/p1aPZw==}
    peerDependencies:
      '@ant-design/cssinjs': '>=1.0.0'
      antd: '>=5.0.0'
      next: '>=14.0.0'
      react: '>=16.0.0'
      react-dom: '>=16.0.0'

  '@ant-design/react-slick@1.1.2':
    resolution: {integrity: sha512-EzlvzE6xQUBrZuuhSAFTdsr4P2bBBHGZwKFemEfq8gIGyIQCxalYfZW/T2ORbtQx5rU69o+WycP3exY/7T1hGA==}
    peerDependencies:
      react: '>=16.9.0'

  '@babel/runtime@7.28.6':
    resolution: {integrity: sha512-05WQkdpL9COIMz4LjTxGpPNCdlpyimKppYNoJ5Di5EUObifl8t4tuLuUBBZEpoLYOmfvIWrsp9fCl0HoPRVTdA==}
    engines: {node: '>=6.9.0'}

  '@emotion/hash@0.8.0':
    resolution: {integrity: sha512-kBJtf7PH6aWwZ6fka3zQ0p6SBYzx4fl1LoZXE2RrnYST9Xljm7WfKJrU4g/Xr3Beg72MLrp1AWNUmuYJTL7Cow==}

  '@emotion/unitless@0.7.5':
    resolution: {integrity: sha512-OWORNpfjMsSSUBVrRBVGECkhWcULOAJz9ZW8uK9qgxD+87M7jHRcvh/A96XXNhXTLmKcoYSQtBEX7lHMO7YRwg==}

  '@next/env@14.2.22':
    resolution: {integrity: sha512-EQ6y1QeNQglNmNIXvwP/Bb+lf7n9WtgcWvtoFsHquVLCJUuxRs+6SfZ5EK0/EqkkLex4RrDySvKgKNN7PXip7Q==}

  '@next/swc-darwin-arm64@14.2.22':
    resolution: {integrity: sha512-HUaLiehovgnqY4TMBZJ3pDaOsTE1spIXeR10pWgdQVPYqDGQmHJBj3h3V6yC0uuo/RoY2GC0YBFRkOX3dI9WVQ==}
    engines: {node: '>= 10'}
    cpu: [arm64]
    os: [darwin]

  '@next/swc-darwin-x64@14.2.22':
    resolution: {integrity: sha512-ApVDANousaAGrosWvxoGdLT0uvLBUC+srqOcpXuyfglA40cP2LBFaGmBjhgpxYk5z4xmunzqQvcIgXawTzo2uQ==}
    engines: {node: '>= 10'}
    cpu: [x64]
    os: [darwin]

  '@next/swc-linux-arm64-gnu@14.2.22':
    resolution: {integrity: sha512-3O2J99Bk9aM+d4CGn9eEayJXHuH9QLx0BctvWyuUGtJ3/mH6lkfAPRI4FidmHMBQBB4UcvLMfNf8vF0NZT7iKw==}
    engines: {node: '>= 10'}
    cpu: [arm64]
    os: [linux]
    libc: [glibc]

  '@next/swc-linux-arm64-musl@14.2.22':
    resolution: {integrity: sha512-H/hqfRz75yy60y5Eg7DxYfbmHMjv60Dsa6IWHzpJSz4MRkZNy5eDnEW9wyts9bkxwbOVZNPHeb3NkqanP+nGPg==}
    engines: {node: '>= 10'}
    cpu: [arm64]
    os: [linux]
    libc: [musl]

  '@next/swc-linux-x64-gnu@14.2.22':
    resolution: {integrity: sha512-LckLwlCLcGR1hlI5eiJymR8zSHPsuruuwaZ3H2uudr25+Dpzo6cRFjp/3OR5UYJt8LSwlXv9mmY4oI2QynwpqQ==}
    engines: {node: '>= 10'}
    cpu: [x64]
    os: [linux]
    libc: [glibc]

  '@next/swc-linux-x64-musl@14.2.22':
    resolution: {integrity: sha512-qGUutzmh0PoFU0fCSu0XYpOfT7ydBZgDfcETIeft46abPqP+dmePhwRGLhFKwZWxNWQCPprH26TjaTxM0Nv8mw==}
    engines: {node: '>= 10'}
    cpu: [x64]
    os: [linux]
    libc: [musl]

  '@next/swc-win32-arm64-msvc@14.2.22':
    resolution: {integrity: sha512-K6MwucMWmIvMb9GlvT0haYsfIPxfQD8yXqxwFy4uLFMeXIb2TcVYQimxkaFZv86I7sn1NOZnpOaVk5eaxThGIw==}
    engines: {node: '>= 10'}
    cpu: [arm64]
    os: [win32]

  '@next/swc-win32-ia32-msvc@14.2.22':
    resolution: {integrity: sha512-5IhDDTPEbzPR31ZzqHe90LnNe7BlJUZvC4sA1thPJV6oN5WmtWjZ0bOYfNsyZx00FJt7gggNs6SrsX0UEIcIpA==}
    engines: {node: '>= 10'}
    cpu: [ia32]
    os: [win32]

  '@next/swc-win32-x64-msvc@14.2.22':
    resolution: {integrity: sha512-nvRaB1PyG4scn9/qNzlkwEwLzuoPH3Gjp7Q/pLuwUgOTt1oPMlnCI3A3rgkt+eZnU71emOiEv/mR201HoURPGg==}
    engines: {node: '>= 10'}
    cpu: [x64]
    os: [win32]

  '@rc-component/async-validator@5.0.4':
    resolution: {integrity: sha512-qgGdcVIF604M9EqjNF0hbUTz42bz/RDtxWdWuU5EQe3hi7M8ob54B6B35rOsvX5eSvIHIzT9iH1R3n+hk3CGfg==}
    engines: {node: '>=14.x'}

  '@rc-component/color-picker@2.0.1':
    resolution: {integrity: sha512-WcZYwAThV/b2GISQ8F+7650r5ZZJ043E57aVBFkQ+kSY4C6wdofXgB0hBx+GPGpIU0Z81eETNoDUJMr7oy/P8Q==}
    peerDependencies:
      react: '>=16.9.0'
      react-dom: '>=16.9.0'

  '@rc-component/context@1.4.0':
    resolution: {integrity: sha512-kFcNxg9oLRMoL3qki0OMxK+7g5mypjgaaJp/pkOis/6rVxma9nJBF/8kCIuTYHUQNr0ii7MxqE33wirPZLJQ2w==}
    peerDependencies:
      react: '>=16.9.0'
      react-dom: '>=16.9.0'

  '@rc-component/mini-decimal@1.1.0':
    resolution: {integrity: sha512-jS4E7T9Li2GuYwI6PyiVXmxTiM6b07rlD9Ge8uGZSCz3WlzcG5ZK7g5bbuKNeZ9pgUuPK/5guV781ujdVpm4HQ==}
    engines: {node: '>=8.x'}

  '@rc-component/mutate-observer@1.1.0':
    resolution: {integrity: sha512-QjrOsDXQusNwGZPf4/qRQasg7UFEj06XiCJ8iuiq/Io7CrHrgVi6Uuetw60WAMG1799v+aM8kyc+1L/GBbHSlw==}
    engines: {node: '>=8.x'}
    peerDependencies:
      react: '>=16.9.0'
      react-dom: '>=16.9.0'

  '@rc-component/portal@1.1.2':
    resolution: {integrity: sha512-6f813C0IsasTZms08kfA8kPAGxbbkYToa8ALaiDIGGECU4i9hj8Plgbx0sNJDrey3EtHO30hmdaxtT0138xZcg==}
    engines: {node: '>=8.x'}
    peerDependencies:
      react: '>=16.9.0'
      react-dom: '>=16.9.0'

  '@rc-component/qrcode@1.1.1':
    resolution: {integrity: sha512-LfLGNymzKdUPjXUbRP+xOhIWY4jQ+YMj5MmWAcgcAq1Ij8XP7tRmAXqyuv96XvLUBE/5cA8hLFl9eO1JQMujrA==}
    engines: {node: '>=8.x'}
    peerDependencies:
      react: '>=16.9.0'
      react-dom: '>=16.9.0'

  '@rc-component/tour@1.15.1':
    resolution: {integrity: sha512-Tr2t7J1DKZUpfJuDZWHxyxWpfmj8EZrqSgyMZ+BCdvKZ6r1UDsfU46M/iWAAFBy961Ssfom2kv5f3UcjIL2CmQ==}
    engines: {node: '>=8.x'}
    peerDependencies:
      react: '>=16.9.0'
      react-dom: '>=16.9.0'

  '@rc-component/trigger@2.3.1':
    resolution: {integrity: sha512-ORENF39PeXTzM+gQEshuk460Z8N4+6DkjpxlpE7Q3gYy1iBpLrx0FOJz3h62ryrJZ/3zCAUIkT1Pb/8hHWpb3A==}
    engines: {node: '>=8.x'}
    peerDependencies:
      react: '>=16.9.0'
      react-dom: '>=16.9.0'

  '@swc/counter@0.1.3':
    resolution: {integrity: sha512-e2BR4lsJkkRlKZ/qCHPw9ZaSxc0MVUd7gtbtaB7aMvHeJVYe8sOB8DBZkP2DtISHGSku9sCK6T6cnY0CtXrOCQ==}

  '@swc/helpers@0.5.5':
    resolution: {integrity: sha512-KGYxvIOXcceOAbEk4bi/dVLEK9z8sZ0uBB3Il5b1rhfClSpcX0yfRO0KmTkqR2cnQDymwLB+25ZyMzICg/cm/A==}

  '@types/node@20.19.33':
    resolution: {integrity: sha512-Rs1bVAIdBs5gbTIKza/tgpMuG1k3U/UMJLWecIMxNdJFDMzcM5LOiLVRYh3PilWEYDIeUDv7bpiHPLPsbydGcw==}

  '@types/prop-types@15.7.15':
    resolution: {integrity: sha512-F6bEyamV9jKGAFBEmlQnesRPGOQqS2+Uwi0Em15xenOxHaf2hv6L8YCVn3rPdPJOiJfPiCnLIRyvwVaqMY3MIw==}

  '@types/react-dom@18.3.7':
    resolution: {integrity: sha512-MEe3UeoENYVFXzoXEWsvcpg6ZvlrFNlOQ7EOsvhI3CfAXwzPfO8Qwuxd40nepsYKqyyVQnTdEfv68q91yLcKrQ==}
    peerDependencies:
      '@types/react': ^18.0.0

  '@types/react@18.3.28':
    resolution: {integrity: sha512-z9VXpC7MWrhfWipitjNdgCauoMLRdIILQsAEV+ZesIzBq/oUlxk0m3ApZuMFCXdnS4U7KrI+l3WRUEGQ8K1QKw==}

  antd@5.29.3:
    resolution: {integrity: sha512-3DdbGCa9tWAJGcCJ6rzR8EJFsv2CtyEbkVabZE14pfgUHfCicWCj0/QzQVLDYg8CPfQk9BH7fHCoTXHTy7MP/A==}
    peerDependencies:
      react: '>=16.9.0'
      react-dom: '>=16.9.0'

  busboy@1.6.0:
    resolution: {integrity: sha512-8SFQbg/0hQ9xy3UNTB0YEnsNBbWfhf7RtnzpL7TkBiTBRfrQ9Fxcnz7VJsleJpyp6rVLvXiuORqjlHi5q+PYuA==}
    engines: {node: '>=10.16.0'}

  caniuse-lite@1.0.30001769:
    resolution: {integrity: sha512-BCfFL1sHijQlBGWBMuJyhZUhzo7wer5sVj9hqekB/7xn0Ypy+pER/edCYQm4exbXj4WiySGp40P8UuTh6w1srg==}

  classnames@2.5.1:
    resolution: {integrity: sha512-saHYOzhIQs6wy2sVxTM6bUDsQO4F50V9RQ22qBpEdCW+I+/Wmke2HOl6lS6dTpdxVhb88/I6+Hs+438c3lfUow==}

  client-only@0.0.1:
    resolution: {integrity: sha512-IV3Ou0jSMzZrd3pZ48nLkT9DA7Ag1pnPzaiQhpW7c3RbcqqzvzzVu+L8gfqMp/8IM2MQtSiqaCxrrcfu8I8rMA==}

  compute-scroll-into-view@3.1.1:
    resolution: {integrity: sha512-VRhuHOLoKYOy4UbilLbUzbYg93XLjv2PncJC50EuTWPA3gaja1UjBsUP/D/9/juV3vQFr6XBEzn9KCAHdUvOHw==}

  copy-to-clipboard@3.3.3:
    resolution: {integrity: sha512-2KV8NhB5JqC3ky0r9PMCAZKbUHSwtEo4CwCs0KXgruG43gX5PMqDEBbVU4OUzw2MuAWUfsuFmWvEKG5QRfSnJA==}

  csstype@3.2.3:
    resolution: {integrity: sha512-z1HGKcYy2xA8AGQfwrn0PAy+PB7X/GSj3UVJW9qKyn43xWa+gl5nXmU4qqLMRzWVLFC8KusUX8T/0kCiOYpAIQ==}

  dayjs@1.11.19:
    resolution: {integrity: sha512-t5EcLVS6QPBNqM2z8fakk/NKel+Xzshgt8FFKAn+qwlD1pzZWxh0nVCrvFK7ZDb6XucZeF9z8C7CBWTRIVApAw==}

  dequal@2.0.3:
    resolution: {integrity: sha512-0je+qPKHEMohvfRTCEo3CrPG6cAzAYgmzKyxRiYSSDkS6eGJdyVJm7WaYA5ECaAD9wLB2T4EEeymA5aFVcYXCA==}
    engines: {node: '>=6'}

  graceful-fs@4.2.11:
    resolution: {integrity: sha512-RbJ5/jmFcNNCcDV5o9eTnBLJ/HszWV0P73bc+Ff4nS/rJj+YaS6IGyiOL0VoBYX+l1Wrl3k63h/KrH+nhJ0XvQ==}

  js-tokens@4.0.0:
    resolution: {integrity: sha512-RdJUflcE3cUzKiMqQgsCu06FPu9UdIJO0beYbPhHN4k6apgJtifcoCtT9bcxOpYBtpD2kCM6Sbzg4CausW/PKQ==}

  json2mq@0.2.0:
    resolution: {integrity: sha512-SzoRg7ux5DWTII9J2qkrZrqV1gt+rTaoufMxEzXbS26Uid0NwaJd123HcoB80TgubEppxxIGdNxCx50fEoEWQA==}

  loose-envify@1.4.0:
    resolution: {integrity: sha512-lyuxPGr/Wfhrlem2CL/UcnUc1zcqKAImBDzukY7Y5F/yQiNdko6+fRLevlw1HgMySw7f611UIY408EtxRSoK3Q==}
    hasBin: true

  nanoid@3.3.11:
    resolution: {integrity: sha512-N8SpfPUnUp1bK+PMYW8qSWdl9U+wwNWI4QKxOYDy9JAro3WMX7p2OeVRF9v+347pnakNevPmiHhNmZ2HbFA76w==}
    engines: {node: ^10 || ^12 || ^13.7 || ^14 || >=15.0.1}
    hasBin: true

  next@14.2.22:
    resolution: {integrity: sha512-Ps2caobQ9hlEhscLPiPm3J3SYhfwfpMqzsoCMZGWxt9jBRK9hoBZj2A37i8joKhsyth2EuVKDVJCTF5/H4iEDw==}
    engines: {node: '>=18.17.0'}
    hasBin: true
    peerDependencies:
      '@opentelemetry/api': ^1.1.0
      '@playwright/test': ^1.41.2
      react: ^18.2.0
      react-dom: ^18.2.0
      sass: ^1.3.0
    peerDependenciesMeta:
      '@opentelemetry/api':
        optional: true
      '@playwright/test':
        optional: true
      sass:
        optional: true

  picocolors@1.1.1:
    resolution: {integrity: sha512-xceH2snhtb5M9liqDsmEw56le376mTZkEX/jEb/RxNFyegNul7eNslCXP9FDj/Lcu0X8KEyMceP2ntpaHrDEVA==}

  postcss@8.4.31:
    resolution: {integrity: sha512-PS08Iboia9mts/2ygV3eLpY5ghnUcfLV/EXTOW1E2qYxJKGGBUtNjN76FYHnMs36RmARn41bC0AZmn+rR0OVpQ==}
    engines: {node: ^10 || ^12 || >=14}

  rc-cascader@3.34.0:
    resolution: {integrity: sha512-KpXypcvju9ptjW9FaN2NFcA2QH9E9LHKq169Y0eWtH4e/wHQ5Wh5qZakAgvb8EKZ736WZ3B0zLLOBsrsja5Dag==}
    peerDependencies:
      react: '>=16.9.0'
      react-dom: '>=16.9.0'

  rc-checkbox@3.5.0:
    resolution: {integrity: sha512-aOAQc3E98HteIIsSqm6Xk2FPKIER6+5vyEFMZfo73TqM+VVAIqOkHoPjgKLqSNtVLWScoaM7vY2ZrGEheI79yg==}
    peerDependencies:
      react: '>=16.9.0'
      react-dom: '>=16.9.0'

  rc-collapse@3.9.0:
    resolution: {integrity: sha512-swDdz4QZ4dFTo4RAUMLL50qP0EY62N2kvmk2We5xYdRwcRn8WcYtuetCJpwpaCbUfUt5+huLpVxhvmnK+PHrkA==}
    peerDependencies:
      react: '>=16.9.0'
      react-dom: '>=16.9.0'

  rc-dialog@9.6.0:
    resolution: {integrity: sha512-ApoVi9Z8PaCQg6FsUzS8yvBEQy0ZL2PkuvAgrmohPkN3okps5WZ5WQWPc1RNuiOKaAYv8B97ACdsFU5LizzCqg==}
    peerDependencies:
      react: '>=16.9.0'
      react-dom: '>=16.9.0'

  rc-drawer@7.3.0:
    resolution: {integrity: sha512-DX6CIgiBWNpJIMGFO8BAISFkxiuKitoizooj4BDyee8/SnBn0zwO2FHrNDpqqepj0E/TFTDpmEBCyFuTgC7MOg==}
    peerDependencies:
      react: '>=16.9.0'
      react-dom: '>=16.9.0'

  rc-dropdown@4.2.1:
    resolution: {integrity: sha512-YDAlXsPv3I1n42dv1JpdM7wJ+gSUBfeyPK59ZpBD9jQhK9jVuxpjj3NmWQHOBceA1zEPVX84T2wbdb2SD0UjmA==}
    peerDependencies:
      react: '>=16.11.0'
      react-dom: '>=16.11.0'

  rc-field-form@2.7.1:
    resolution: {integrity: sha512-vKeSifSJ6HoLaAB+B8aq/Qgm8a3dyxROzCtKNCsBQgiverpc4kWDQihoUwzUj+zNWJOykwSY4dNX3QrGwtVb9A==}
    engines: {node: '>=8.x'}
    peerDependencies:
      react: '>=16.9.0'
      react-dom: '>=16.9.0'

  rc-image@7.12.0:
    resolution: {integrity: sha512-cZ3HTyyckPnNnUb9/DRqduqzLfrQRyi+CdHjdqgsyDpI3Ln5UX1kXnAhPBSJj9pVRzwRFgqkN7p9b6HBDjmu/Q==}
    peerDependencies:
      react: '>=16.9.0'
      react-dom: '>=16.9.0'

  rc-input-number@9.5.0:
    resolution: {integrity: sha512-bKaEvB5tHebUURAEXw35LDcnRZLq3x1k7GxfAqBMzmpHkDGzjAtnUL8y4y5N15rIFIg5IJgwr211jInl3cipag==}
    peerDependencies:
      react: '>=16.9.0'
      react-dom: '>=16.9.0'

  rc-input@1.8.0:
    resolution: {integrity: sha512-KXvaTbX+7ha8a/k+eg6SYRVERK0NddX8QX7a7AnRvUa/rEH0CNMlpcBzBkhI0wp2C8C4HlMoYl8TImSN+fuHKA==}
    peerDependencies:
      react: '>=16.0.0'
      react-dom: '>=16.0.0'

  rc-mentions@2.20.0:
    resolution: {integrity: sha512-w8HCMZEh3f0nR8ZEd466ATqmXFCMGMN5UFCzEUL0bM/nGw/wOS2GgRzKBcm19K++jDyuWCOJOdgcKGXU3fXfbQ==}
    peerDependencies:
      react: '>=16.9.0'
      react-dom: '>=16.9.0'

  rc-menu@9.16.1:
    resolution: {integrity: sha512-ghHx6/6Dvp+fw8CJhDUHFHDJ84hJE3BXNCzSgLdmNiFErWSOaZNsihDAsKq9ByTALo/xkNIwtDFGIl6r+RPXBg==}
    peerDependencies:
      react: '>=16.9.0'
      react-dom: '>=16.9.0'

  rc-motion@2.9.5:
    resolution: {integrity: sha512-w+XTUrfh7ArbYEd2582uDrEhmBHwK1ZENJiSJVb7uRxdE7qJSYjbO2eksRXmndqyKqKoYPc9ClpPh5242mV1vA==}
    peerDependencies:
      react: '>=16.9.0'
      react-dom: '>=16.9.0'

  rc-notification@5.6.4:
    resolution: {integrity: sha512-KcS4O6B4qzM3KH7lkwOB7ooLPZ4b6J+VMmQgT51VZCeEcmghdeR4IrMcFq0LG+RPdnbe/ArT086tGM8Snimgiw==}
    engines: {node: '>=8.x'}
    peerDependencies:
      react: '>=16.9.0'
      react-dom: '>=16.9.0'

  rc-overflow@1.5.0:
    resolution: {integrity: sha512-Lm/v9h0LymeUYJf0x39OveU52InkdRXqnn2aYXfWmo8WdOonIKB2kfau+GF0fWq6jPgtdO9yMqveGcK6aIhJmg==}
    peerDependencies:
      react: '>=16.9.0'
      react-dom: '>=16.9.0'

  rc-pagination@5.1.0:
    resolution: {integrity: sha512-8416Yip/+eclTFdHXLKTxZvn70duYVGTvUUWbckCCZoIl3jagqke3GLsFrMs0bsQBikiYpZLD9206Ej4SOdOXQ==}
    peerDependencies:
      react: '>=16.9.0'
      react-dom: '>=16.9.0'

  rc-picker@4.11.3:
    resolution: {integrity: sha512-MJ5teb7FlNE0NFHTncxXQ62Y5lytq6sh5nUw0iH8OkHL/TjARSEvSHpr940pWgjGANpjCwyMdvsEV55l5tYNSg==}
    engines: {node: '>=8.x'}
    peerDependencies:
      date-fns: '>= 2.x'
      dayjs: '>= 1.x'
      luxon: '>= 3.x'
      moment: '>= 2.x'
      react: '>=16.9.0'
      react-dom: '>=16.9.0'
    peerDependenciesMeta:
      date-fns:
        optional: true
      dayjs:
        optional: true
      luxon:
        optional: true
      moment:
        optional: true

  rc-progress@4.0.0:
    resolution: {integrity: sha512-oofVMMafOCokIUIBnZLNcOZFsABaUw8PPrf1/y0ZBvKZNpOiu5h4AO9vv11Sw0p4Hb3D0yGWuEattcQGtNJ/aw==}
    peerDependencies:
      react: '>=16.9.0'
      react-dom: '>=16.9.0'

  rc-rate@2.13.1:
    resolution: {integrity: sha512-QUhQ9ivQ8Gy7mtMZPAjLbxBt5y9GRp65VcUyGUMF3N3fhiftivPHdpuDIaWIMOTEprAjZPC08bls1dQB+I1F2Q==}
    engines: {node: '>=8.x'}
    peerDependencies:
      react: '>=16.9.0'
      react-dom: '>=16.9.0'

  rc-resize-observer@1.4.3:
    resolution: {integrity: sha512-YZLjUbyIWox8E9i9C3Tm7ia+W7euPItNWSPX5sCcQTYbnwDb5uNpnLHQCG1f22oZWUhLw4Mv2tFmeWe68CDQRQ==}
    peerDependencies:
      react: '>=16.9.0'
      react-dom: '>=16.9.0'

  rc-segmented@2.7.1:
    resolution: {integrity: sha512-izj1Nw/Dw2Vb7EVr+D/E9lUTkBe+kKC+SAFSU9zqr7WV2W5Ktaa9Gc7cB2jTqgk8GROJayltaec+DBlYKc6d+g==}
    peerDependencies:
      react: '>=16.0.0'
      react-dom: '>=16.0.0'

  rc-select@14.16.8:
    resolution: {integrity: sha512-NOV5BZa1wZrsdkKaiK7LHRuo5ZjZYMDxPP6/1+09+FB4KoNi8jcG1ZqLE3AVCxEsYMBe65OBx71wFoHRTP3LRg==}
    engines: {node: '>=8.x'}
    peerDependencies:
      react: '*'
      react-dom: '*'

  rc-slider@11.1.9:
    resolution: {integrity: sha512-h8IknhzSh3FEM9u8ivkskh+Ef4Yo4JRIY2nj7MrH6GQmrwV6mcpJf5/4KgH5JaVI1H3E52yCdpOlVyGZIeph5A==}
    engines: {node: '>=8.x'}
    peerDependencies:
      react: '>=16.9.0'
      react-dom: '>=16.9.0'

  rc-steps@6.0.1:
    resolution: {integrity: sha512-lKHL+Sny0SeHkQKKDJlAjV5oZ8DwCdS2hFhAkIjuQt1/pB81M0cA0ErVFdHq9+jmPmFw1vJB2F5NBzFXLJxV+g==}
    engines: {node: '>=8.x'}
    peerDependencies:
      react: '>=16.9.0'
      react-dom: '>=16.9.0'

  rc-switch@4.1.0:
    resolution: {integrity: sha512-TI8ufP2Az9oEbvyCeVE4+90PDSljGyuwix3fV58p7HV2o4wBnVToEyomJRVyTaZeqNPAp+vqeo4Wnj5u0ZZQBg==}
    peerDependencies:
      react: '>=16.9.0'
      react-dom: '>=16.9.0'

  rc-table@7.54.0:
    resolution: {integrity: sha512-/wDTkki6wBTjwylwAGjpLKYklKo9YgjZwAU77+7ME5mBoS32Q4nAwoqhA2lSge6fobLW3Tap6uc5xfwaL2p0Sw==}
    engines: {node: '>=8.x'}
    peerDependencies:
      react: '>=16.9.0'
      react-dom: '>=16.9.0'

  rc-tabs@15.7.0:
    resolution: {integrity: sha512-ZepiE+6fmozYdWf/9gVp7k56PKHB1YYoDsKeQA1CBlJ/POIhjkcYiv0AGP0w2Jhzftd3AVvZP/K+V+Lpi2ankA==}
    engines: {node: '>=8.x'}
    peerDependencies:
      react: '>=16.9.0'
      react-dom: '>=16.9.0'

  rc-textarea@1.10.2:
    resolution: {integrity: sha512-HfaeXiaSlpiSp0I/pvWpecFEHpVysZ9tpDLNkxQbMvMz6gsr7aVZ7FpWP9kt4t7DB+jJXesYS0us1uPZnlRnwQ==}
    peerDependencies:
      react: '>=16.9.0'
      react-dom: '>=16.9.0'

  rc-tooltip@6.4.0:
    resolution: {integrity: sha512-kqyivim5cp8I5RkHmpsp1Nn/Wk+1oeloMv9c7LXNgDxUpGm+RbXJGL+OPvDlcRnx9DBeOe4wyOIl4OKUERyH1g==}
    peerDependencies:
      react: '>=16.9.0'
      react-dom: '>=16.9.0'

  rc-tree-select@5.27.0:
    resolution: {integrity: sha512-2qTBTzwIT7LRI1o7zLyrCzmo5tQanmyGbSaGTIf7sYimCklAToVVfpMC6OAldSKolcnjorBYPNSKQqJmN3TCww==}
    peerDependencies:
      react: '*'
      react-dom: '*'

  rc-tree@5.13.1:
    resolution: {integrity: sha512-FNhIefhftobCdUJshO7M8uZTA9F4OPGVXqGfZkkD/5soDeOhwO06T/aKTrg0WD8gRg/pyfq+ql3aMymLHCTC4A==}
    engines: {node: '>=10.x'}
    peerDependencies:
      react: '*'
      react-dom: '*'

  rc-upload@4.11.0:
    resolution: {integrity: sha512-ZUyT//2JAehfHzjWowqROcwYJKnZkIUGWaTE/VogVrepSl7AFNbQf4+zGfX4zl9Vrj/Jm8scLO0R6UlPDKK4wA==}
    peerDependencies:
      react: '>=16.9.0'
      react-dom: '>=16.9.0'

  rc-util@5.44.4:
    resolution: {integrity: sha512-resueRJzmHG9Q6rI/DfK6Kdv9/Lfls05vzMs1Sk3M2P+3cJa+MakaZyWY8IPfehVuhPJFKrIY1IK4GqbiaiY5w==}
    peerDependencies:
      react: '>=16.9.0'
      react-dom: '>=16.9.0'

  rc-virtual-list@3.19.2:
    resolution: {integrity: sha512-Ys6NcjwGkuwkeaWBDqfI3xWuZ7rDiQXlH1o2zLfFzATfEgXcqpk8CkgMfbJD81McqjcJVez25a3kPxCR807evA==}
    engines: {node: '>=8.x'}
    peerDependencies:
      react: '>=16.9.0'
      react-dom: '>=16.9.0'

  react-dom@18.3.1:
    resolution: {integrity: sha512-5m4nQKp+rZRb09LNH59GM4BxTh9251/ylbKIbpe7TpGxfJ+9kv6BLkLBXIjjspbgbnIBNqlI23tRnTWT0snUIw==}
    peerDependencies:
      react: ^18.3.1

  react-is@18.3.1:
    resolution: {integrity: sha512-/LLMVyas0ljjAtoYiPqYiL8VWXzUUdThrmU5+n20DZv+a+ClRoevUzw5JxU+Ieh5/c87ytoTBV9G1FiKfNJdmg==}

  react@18.3.1:
    resolution: {integrity: sha512-wS+hAgJShR0KhEvPJArfuPVN1+Hz1t0Y6n5jLrGQbkb4urgPE/0Rve+1kMB1v/oWgHgm4WIcV+i7F2pTVj+2iQ==}
    engines: {node: '>=0.10.0'}

  resize-observer-polyfill@1.5.1:
    resolution: {integrity: sha512-LwZrotdHOo12nQuZlHEmtuXdqGoOD0OhaxopaNFxWzInpEgaLWoVuAMbTzixuosCx2nEG58ngzW3vxdWoxIgdg==}

  scheduler@0.23.2:
    resolution: {integrity: sha512-UOShsPwz7NrMUqhR6t0hWjFduvOzbtv7toDH1/hIrfRNIDBnnBWd0CwJTGvTpngVlmwGCdP9/Zl/tVrDqcuYzQ==}

  scroll-into-view-if-needed@3.1.0:
    resolution: {integrity: sha512-49oNpRjWRvnU8NyGVmUaYG4jtTkNonFZI86MmGRDqBphEK2EXT9gdEUoQPZhuBM8yWHxCWbobltqYO5M4XrUvQ==}

  source-map-js@1.2.1:
    resolution: {integrity: sha512-UXWMKhLOwVKb728IUtQPXxfYU+usdybtUrK/8uGE8CQMvrhOpwvzDBwj0QhSL7MQc7vIsISBG8VQ8+IDQxpfQA==}
    engines: {node: '>=0.10.0'}

  streamsearch@1.1.0:
    resolution: {integrity: sha512-Mcc5wHehp9aXz1ax6bZUyY5afg9u2rv5cqQI3mRrYkGC8rW2hM02jWuwjtL++LS5qinSyhj2QfLyNsuc+VsExg==}
    engines: {node: '>=10.0.0'}

  string-convert@0.2.1:
    resolution: {integrity: sha512-u/1tdPl4yQnPBjnVrmdLo9gtuLvELKsAoRapekWggdiQNvvvum+jYF329d84NAa660KQw7pB2n36KrIKVoXa3A==}

  styled-jsx@5.1.1:
    resolution: {integrity: sha512-pW7uC1l4mBZ8ugbiZrcIsiIvVx1UmTfw7UkC3Um2tmfUq9Bhk8IiyEIPl6F8agHgjzku6j0xQEZbfA5uSgSaCw==}
    engines: {node: '>= 12.0.0'}
    peerDependencies:
      '@babel/core': '*'
      babel-plugin-macros: '*'
      react: '>= 16.8.0 || 17.x.x || ^18.0.0-0'
    peerDependenciesMeta:
      '@babel/core':
        optional: true
      babel-plugin-macros:
        optional: true

  stylis@4.3.6:
    resolution: {integrity: sha512-yQ3rwFWRfwNUY7H5vpU0wfdkNSnvnJinhF9830Swlaxl03zsOjCfmX0ugac+3LtK0lYSgwL/KXc8oYL3mG4YFQ==}

  swr@2.4.0:
    resolution: {integrity: sha512-sUlC20T8EOt1pHmDiqueUWMmRRX03W7w5YxovWX7VR2KHEPCTMly85x05vpkP5i6Bu4h44ePSMD9Tc+G2MItFw==}
    peerDependencies:
      react: ^16.11.0 || ^17.0.0 || ^18.0.0 || ^19.0.0

  throttle-debounce@5.0.2:
    resolution: {integrity: sha512-B71/4oyj61iNH0KeCamLuE2rmKuTO5byTOSVwECM5FA7TiAiAW+UqTKZ9ERueC4qvgSttUhdmq1mXC3kJqGX7A==}
    engines: {node: '>=12.22'}

  toggle-selection@1.0.6:
    resolution: {integrity: sha512-BiZS+C1OS8g/q2RRbJmy59xpyghNBqrr6k5L/uKBGRsTfxmu3ffiRnd8mlGPUVayg8pvfi5urfnu8TU7DVOkLQ==}

  tslib@2.8.1:
    resolution: {integrity: sha512-oJFu94HQb+KVduSUQL7wnpmqnfmLsOA/nAh6b6EH0wCEoK0/mPeXU6c3wKDV83MkOuHPRHtSXKKU99IBazS/2w==}

  typescript@5.9.3:
    resolution: {integrity: sha512-jl1vZzPDinLr9eUt3J/t7V6FgNEw9QjvBPdysz9KfQDD41fQrC2Y4vKQdiaUpFT4bXlb1RHhLpp8wtm6M5TgSw==}
    engines: {node: '>=14.17'}
    hasBin: true

  undici-types@6.21.0:
    resolution: {integrity: sha512-iwDZqg0QAGrg9Rav5H4n0M64c3mkR59cJ6wQp+7C4nI0gsmExaedaYLNO44eT4AtBBwjbTiGPMlt2Md0T9H9JQ==}

  use-sync-external-store@1.6.0:
    resolution: {integrity: sha512-Pp6GSwGP/NrPIrxVFAIkOQeyw8lFenOHijQWkUTrDvrF4ALqylP2C/KCkeS9dpUM3KvYRQhna5vt7IL95+ZQ9w==}
    peerDependencies:
      react: ^16.8.0 || ^17.0.0 || ^18.0.0 || ^19.0.0

snapshots:

  '@ant-design/colors@7.2.1':
    dependencies:
      '@ant-design/fast-color': 2.0.6

  '@ant-design/cssinjs-utils@1.1.3(react-dom@18.3.1(react@18.3.1))(react@18.3.1)':
    dependencies:
      '@ant-design/cssinjs': 1.24.0(react-dom@18.3.1(react@18.3.1))(react@18.3.1)
      '@babel/runtime': 7.28.6
      rc-util: 5.44.4(react-dom@18.3.1(react@18.3.1))(react@18.3.1)
      react: 18.3.1
      react-dom: 18.3.1(react@18.3.1)

  '@ant-design/cssinjs@1.24.0(react-dom@18.3.1(react@18.3.1))(react@18.3.1)':
    dependencies:
      '@babel/runtime': 7.28.6
      '@emotion/hash': 0.8.0
      '@emotion/unitless': 0.7.5
      classnames: 2.5.1
      csstype: 3.2.3
      rc-util: 5.44.4(react-dom@18.3.1(react@18.3.1))(react@18.3.1)
      react: 18.3.1
      react-dom: 18.3.1(react@18.3.1)
      stylis: 4.3.6

  '@ant-design/fast-color@2.0.6':
    dependencies:
      '@babel/runtime': 7.28.6

  '@ant-design/icons-svg@4.4.2': {}

  '@ant-design/icons@5.6.1(react-dom@18.3.1(react@18.3.1))(react@18.3.1)':
    dependencies:
      '@ant-design/colors': 7.2.1
      '@ant-design/icons-svg': 4.4.2
      '@babel/runtime': 7.28.6
      classnames: 2.5.1
      rc-util: 5.44.4(react-dom@18.3.1(react@18.3.1))(react@18.3.1)
      react: 18.3.1
      react-dom: 18.3.1(react@18.3.1)

  '@ant-design/nextjs-registry@1.3.0(@ant-design/cssinjs@1.24.0(react-dom@18.3.1(react@18.3.1))(react@18.3.1))(antd@5.29.3(react-dom@18.3.1(react@18.3.1))(react@18.3.1))(next@14.2.22(react-dom@18.3.1(react@18.3.1))(react@18.3.1))(react-dom@18.3.1(react@18.3.1))(react@18.3.1)':
    dependencies:
      '@ant-design/cssinjs': 1.24.0(react-dom@18.3.1(react@18.3.1))(react@18.3.1)
      antd: 5.29.3(react-dom@18.3.1(react@18.3.1))(react@18.3.1)
      next: 14.2.22(react-dom@18.3.1(react@18.3.1))(react@18.3.1)
      react: 18.3.1
      react-dom: 18.3.1(react@18.3.1)

  '@ant-design/react-slick@1.1.2(react@18.3.1)':
    dependencies:
      '@babel/runtime': 7.28.6
      classnames: 2.5.1
      json2mq: 0.2.0
      react: 18.3.1
      resize-observer-polyfill: 1.5.1
      throttle-debounce: 5.0.2

  '@babel/runtime@7.28.6': {}

  '@emotion/hash@0.8.0': {}

  '@emotion/unitless@0.7.5': {}

  '@next/env@14.2.22': {}

  '@next/swc-darwin-arm64@14.2.22':
    optional: true

  '@next/swc-darwin-x64@14.2.22':
    optional: true

  '@next/swc-linux-arm64-gnu@14.2.22':
    optional: true

  '@next/swc-linux-arm64-musl@14.2.22':
    optional: true

  '@next/swc-linux-x64-gnu@14.2.22':
    optional: true

  '@next/swc-linux-x64-musl@14.2.22':
    optional: true

  '@next/swc-win32-arm64-msvc@14.2.22':
    optional: true

  '@next/swc-win32-ia32-msvc@14.2.22':
    optional: true

  '@next/swc-win32-x64-msvc@14.2.22':
    optional: true

  '@rc-component/async-validator@5.0.4':
    dependencies:
      '@babel/runtime': 7.28.6

  '@rc-component/color-picker@2.0.1(react-dom@18.3.1(react@18.3.1))(react@18.3.1)':
    dependencies:
      '@ant-design/fast-color': 2.0.6
      '@babel/runtime': 7.28.6
      classnames: 2.5.1
      rc-util: 5.44.4(react-dom@18.3.1(react@18.3.1))(react@18.3.1)
      react: 18.3.1
      react-dom: 18.3.1(react@18.3.1)

  '@rc-component/context@1.4.0(react-dom@18.3.1(react@18.3.1))(react@18.3.1)':
    dependencies:
      '@babel/runtime': 7.28.6
      rc-util: 5.44.4(react-dom@18.3.1(react@18.3.1))(react@18.3.1)
      react: 18.3.1
      react-dom: 18.3.1(react@18.3.1)

  '@rc-component/mini-decimal@1.1.0':
    dependencies:
      '@babel/runtime': 7.28.6

  '@rc-component/mutate-observer@1.1.0(react-dom@18.3.1(react@18.3.1))(react@18.3.1)':
    dependencies:
      '@babel/runtime': 7.28.6
      classnames: 2.5.1
      rc-util: 5.44.4(react-dom@18.3.1(react@18.3.1))(react@18.3.1)
      react: 18.3.1
      react-dom: 18.3.1(react@18.3.1)

  '@rc-component/portal@1.1.2(react-dom@18.3.1(react@18.3.1))(react@18.3.1)':
    dependencies:
      '@babel/runtime': 7.28.6
      classnames: 2.5.1
      rc-util: 5.44.4(react-dom@18.3.1(react@18.3.1))(react@18.3.1)
      react: 18.3.1
      react-dom: 18.3.1(react@18.3.1)

  '@rc-component/qrcode@1.1.1(react-dom@18.3.1(react@18.3.1))(react@18.3.1)':
    dependencies:
      '@babel/runtime': 7.28.6
      react: 18.3.1
      react-dom: 18.3.1(react@18.3.1)

  '@rc-component/tour@1.15.1(react-dom@18.3.1(react@18.3.1))(react@18.3.1)':
    dependencies:
      '@babel/runtime': 7.28.6
      '@rc-component/portal': 1.1.2(react-dom@18.3.1(react@18.3.1))(react@18.3.1)
      '@rc-component/trigger': 2.3.1(react-dom@18.3.1(react@18.3.1))(react@18.3.1)
      classnames: 2.5.1
      rc-util: 5.44.4(react-dom@18.3.1(react@18.3.1))(react@18.3.1)
      react: 18.3.1
      react-dom: 18.3.1(react@18.3.1)

  '@rc-component/trigger@2.3.1(react-dom@18.3.1(react@18.3.1))(react@18.3.1)':
    dependencies:
      '@babel/runtime': 7.28.6
      '@rc-component/portal': 1.1.2(react-dom@18.3.1(react@18.3.1))(react@18.3.1)
      classnames: 2.5.1
      rc-motion: 2.9.5(react-dom@18.3.1(react@18.3.1))(react@18.3.1)
      rc-resize-observer: 1.4.3(react-dom@18.3.1(react@18.3.1))(react@18.3.1)
      rc-util: 5.44.4(react-dom@18.3.1(react@18.3.1))(react@18.3.1)
      react: 18.3.1
      react-dom: 18.3.1(react@18.3.1)

  '@swc/counter@0.1.3': {}

  '@swc/helpers@0.5.5':
    dependencies:
      '@swc/counter': 0.1.3
      tslib: 2.8.1

  '@types/node@20.19.33':
    dependencies:
      undici-types: 6.21.0

  '@types/prop-types@15.7.15': {}

  '@types/react-dom@18.3.7(@types/react@18.3.28)':
    dependencies:
      '@types/react': 18.3.28

  '@types/react@18.3.28':
    dependencies:
      '@types/prop-types': 15.7.15
      csstype: 3.2.3

  antd@5.29.3(react-dom@18.3.1(react@18.3.1))(react@18.3.1):
    dependencies:
      '@ant-design/colors': 7.2.1
      '@ant-design/cssinjs': 1.24.0(react-dom@18.3.1(react@18.3.1))(react@18.3.1)
      '@ant-design/cssinjs-utils': 1.1.3(react-dom@18.3.1(react@18.3.1))(react@18.3.1)
      '@ant-design/fast-color': 2.0.6
      '@ant-design/icons': 5.6.1(react-dom@18.3.1(react@18.3.1))(react@18.3.1)
      '@ant-design/react-slick': 1.1.2(react@18.3.1)
      '@babel/runtime': 7.28.6
      '@rc-component/color-picker': 2.0.1(react-dom@18.3.1(react@18.3.1))(react@18.3.1)
      '@rc-component/mutate-observer': 1.1.0(react-dom@18.3.1(react@18.3.1))(react@18.3.1)
      '@rc-component/qrcode': 1.1.1(react-dom@18.3.1(react@18.3.1))(react@18.3.1)
      '@rc-component/tour': 1.15.1(react-dom@18.3.1(react@18.3.1))(react@18.3.1)
      '@rc-component/trigger': 2.3.1(react-dom@18.3.1(react@18.3.1))(react@18.3.1)
      classnames: 2.5.1
      copy-to-clipboard: 3.3.3
      dayjs: 1.11.19
      rc-cascader: 3.34.0(react-dom@18.3.1(react@18.3.1))(react@18.3.1)
      rc-checkbox: 3.5.0(react-dom@18.3.1(react@18.3.1))(react@18.3.1)
      rc-collapse: 3.9.0(react-dom@18.3.1(react@18.3.1))(react@18.3.1)
      rc-dialog: 9.6.0(react-dom@18.3.1(react@18.3.1))(react@18.3.1)
      rc-drawer: 7.3.0(react-dom@18.3.1(react@18.3.1))(react@18.3.1)
      rc-dropdown: 4.2.1(react-dom@18.3.1(react@18.3.1))(react@18.3.1)
      rc-field-form: 2.7.1(react-dom@18.3.1(react@18.3.1))(react@18.3.1)
      rc-image: 7.12.0(react-dom@18.3.1(react@18.3.1))(react@18.3.1)
      rc-input: 1.8.0(react-dom@18.3.1(react@18.3.1))(react@18.3.1)
      rc-input-number: 9.5.0(react-dom@18.3.1(react@18.3.1))(react@18.3.1)
      rc-mentions: 2.20.0(react-dom@18.3.1(react@18.3.1))(react@18.3.1)
      rc-menu: 9.16.1(react-dom@18.3.1(react@18.3.1))(react@18.3.1)
      rc-motion: 2.9.5(react-dom@18.3.1(react@18.3.1))(react@18.3.1)
      rc-notification: 5.6.4(react-dom@18.3.1(react@18.3.1))(react@18.3.1)
      rc-pagination: 5.1.0(react-dom@18.3.1(react@18.3.1))(react@18.3.1)
      rc-picker: 4.11.3(dayjs@1.11.19)(react-dom@18.3.1(react@18.3.1))(react@18.3.1)
      rc-progress: 4.0.0(react-dom@18.3.1(react@18.3.1))(react@18.3.1)
      rc-rate: 2.13.1(react-dom@18.3.1(react@18.3.1))(react@18.3.1)
      rc-resize-observer: 1.4.3(react-dom@18.3.1(react@18.3.1))(react@18.3.1)
      rc-segmented: 2.7.1(react-dom@18.3.1(react@18.3.1))(react@18.3.1)
      rc-select: 14.16.8(react-dom@18.3.1(react@18.3.1))(react@18.3.1)
      rc-slider: 11.1.9(react-dom@18.3.1(react@18.3.1))(react@18.3.1)
      rc-steps: 6.0.1(react-dom@18.3.1(react@18.3.1))(react@18.3.1)
      rc-switch: 4.1.0(react-dom@18.3.1(react@18.3.1))(react@18.3.1)
      rc-table: 7.54.0(react-dom@18.3.1(react@18.3.1))(react@18.3.1)
      rc-tabs: 15.7.0(react-dom@18.3.1(react@18.3.1))(react@18.3.1)
      rc-textarea: 1.10.2(react-dom@18.3.1(react@18.3.1))(react@18.3.1)
      rc-tooltip: 6.4.0(react-dom@18.3.1(react@18.3.1))(react@18.3.1)
      rc-tree: 5.13.1(react-dom@18.3.1(react@18.3.1))(react@18.3.1)
      rc-tree-select: 5.27.0(react-dom@18.3.1(react@18.3.1))(react@18.3.1)
      rc-upload: 4.11.0(react-dom@18.3.1(react@18.3.1))(react@18.3.1)
      rc-util: 5.44.4(react-dom@18.3.1(react@18.3.1))(react@18.3.1)
      react: 18.3.1
      react-dom: 18.3.1(react@18.3.1)
      scroll-into-view-if-needed: 3.1.0
      throttle-debounce: 5.0.2
    transitivePeerDependencies:
      - date-fns
      - luxon
      - moment

  busboy@1.6.0:
    dependencies:
      streamsearch: 1.1.0

  caniuse-lite@1.0.30001769: {}

  classnames@2.5.1: {}

  client-only@0.0.1: {}

  compute-scroll-into-view@3.1.1: {}

  copy-to-clipboard@3.3.3:
    dependencies:
      toggle-selection: 1.0.6

  csstype@3.2.3: {}

  dayjs@1.11.19: {}

  dequal@2.0.3: {}

  graceful-fs@4.2.11: {}

  js-tokens@4.0.0: {}

  json2mq@0.2.0:
    dependencies:
      string-convert: 0.2.1

  loose-envify@1.4.0:
    dependencies:
      js-tokens: 4.0.0

  nanoid@3.3.11: {}

  next@14.2.22(react-dom@18.3.1(react@18.3.1))(react@18.3.1):
    dependencies:
      '@next/env': 14.2.22
      '@swc/helpers': 0.5.5
      busboy: 1.6.0
      caniuse-lite: 1.0.30001769
      graceful-fs: 4.2.11
      postcss: 8.4.31
      react: 18.3.1
      react-dom: 18.3.1(react@18.3.1)
      styled-jsx: 5.1.1(react@18.3.1)
    optionalDependencies:
      '@next/swc-darwin-arm64': 14.2.22
      '@next/swc-darwin-x64': 14.2.22
      '@next/swc-linux-arm64-gnu': 14.2.22
      '@next/swc-linux-arm64-musl': 14.2.22
      '@next/swc-linux-x64-gnu': 14.2.22
      '@next/swc-linux-x64-musl': 14.2.22
      '@next/swc-win32-arm64-msvc': 14.2.22
      '@next/swc-win32-ia32-msvc': 14.2.22
      '@next/swc-win32-x64-msvc': 14.2.22
    transitivePeerDependencies:
      - '@babel/core'
      - babel-plugin-macros

  picocolors@1.1.1: {}

  postcss@8.4.31:
    dependencies:
      nanoid: 3.3.11
      picocolors: 1.1.1
      source-map-js: 1.2.1

  rc-cascader@3.34.0(react-dom@18.3.1(react@18.3.1))(react@18.3.1):
    dependencies:
      '@babel/runtime': 7.28.6
      classnames: 2.5.1
      rc-select: 14.16.8(react-dom@18.3.1(react@18.3.1))(react@18.3.1)
      rc-tree: 5.13.1(react-dom@18.3.1(react@18.3.1))(react@18.3.1)
      rc-util: 5.44.4(react-dom@18.3.1(react@18.3.1))(react@18.3.1)
      react: 18.3.1
      react-dom: 18.3.1(react@18.3.1)

  rc-checkbox@3.5.0(react-dom@18.3.1(react@18.3.1))(react@18.3.1):
    dependencies:
      '@babel/runtime': 7.28.6
      classnames: 2.5.1
      rc-util: 5.44.4(react-dom@18.3.1(react@18.3.1))(react@18.3.1)
      react: 18.3.1
      react-dom: 18.3.1(react@18.3.1)

  rc-collapse@3.9.0(react-dom@18.3.1(react@18.3.1))(react@18.3.1):
    dependencies:
      '@babel/runtime': 7.28.6
      classnames: 2.5.1
      rc-motion: 2.9.5(react-dom@18.3.1(react@18.3.1))(react@18.3.1)
      rc-util: 5.44.4(react-dom@18.3.1(react@18.3.1))(react@18.3.1)
      react: 18.3.1
      react-dom: 18.3.1(react@18.3.1)

  rc-dialog@9.6.0(react-dom@18.3.1(react@18.3.1))(react@18.3.1):
    dependencies:
      '@babel/runtime': 7.28.6
      '@rc-component/portal': 1.1.2(react-dom@18.3.1(react@18.3.1))(react@18.3.1)
      classnames: 2.5.1
      rc-motion: 2.9.5(react-dom@18.3.1(react@18.3.1))(react@18.3.1)
      rc-util: 5.44.4(react-dom@18.3.1(react@18.3.1))(react@18.3.1)
      react: 18.3.1
      react-dom: 18.3.1(react@18.3.1)

  rc-drawer@7.3.0(react-dom@18.3.1(react@18.3.1))(react@18.3.1):
    dependencies:
      '@babel/runtime': 7.28.6
      '@rc-component/portal': 1.1.2(react-dom@18.3.1(react@18.3.1))(react@18.3.1)
      classnames: 2.5.1
      rc-motion: 2.9.5(react-dom@18.3.1(react@18.3.1))(react@18.3.1)
      rc-util: 5.44.4(react-dom@18.3.1(react@18.3.1))(react@18.3.1)
      react: 18.3.1
      react-dom: 18.3.1(react@18.3.1)

  rc-dropdown@4.2.1(react-dom@18.3.1(react@18.3.1))(react@18.3.1):
    dependencies:
      '@babel/runtime': 7.28.6
      '@rc-component/trigger': 2.3.1(react-dom@18.3.1(react@18.3.1))(react@18.3.1)
      classnames: 2.5.1
      rc-util: 5.44.4(react-dom@18.3.1(react@18.3.1))(react@18.3.1)
      react: 18.3.1
      react-dom: 18.3.1(react@18.3.1)

  rc-field-form@2.7.1(react-dom@18.3.1(react@18.3.1))(react@18.3.1):
    dependencies:
      '@babel/runtime': 7.28.6
      '@rc-component/async-validator': 5.0.4
      rc-util: 5.44.4(react-dom@18.3.1(react@18.3.1))(react@18.3.1)
      react: 18.3.1
      react-dom: 18.3.1(react@18.3.1)

  rc-image@7.12.0(react-dom@18.3.1(react@18.3.1))(react@18.3.1):
    dependencies:
      '@babel/runtime': 7.28.6
      '@rc-component/portal': 1.1.2(react-dom@18.3.1(react@18.3.1))(react@18.3.1)
      classnames: 2.5.1
      rc-dialog: 9.6.0(react-dom@18.3.1(react@18.3.1))(react@18.3.1)
      rc-motion: 2.9.5(react-dom@18.3.1(react@18.3.1))(react@18.3.1)
      rc-util: 5.44.4(react-dom@18.3.1(react@18.3.1))(react@18.3.1)
      react: 18.3.1
      react-dom: 18.3.1(react@18.3.1)

  rc-input-number@9.5.0(react-dom@18.3.1(react@18.3.1))(react@18.3.1):
    dependencies:
      '@babel/runtime': 7.28.6
      '@rc-component/mini-decimal': 1.1.0
      classnames: 2.5.1
      rc-input: 1.8.0(react-dom@18.3.1(react@18.3.1))(react@18.3.1)
      rc-util: 5.44.4(react-dom@18.3.1(react@18.3.1))(react@18.3.1)
      react: 18.3.1
      react-dom: 18.3.1(react@18.3.1)

  rc-input@1.8.0(react-dom@18.3.1(react@18.3.1))(react@18.3.1):
    dependencies:
      '@babel/runtime': 7.28.6
      classnames: 2.5.1
      rc-util: 5.44.4(react-dom@18.3.1(react@18.3.1))(react@18.3.1)
      react: 18.3.1
      react-dom: 18.3.1(react@18.3.1)

  rc-mentions@2.20.0(react-dom@18.3.1(react@18.3.1))(react@18.3.1):
    dependencies:
      '@babel/runtime': 7.28.6
      '@rc-component/trigger': 2.3.1(react-dom@18.3.1(react@18.3.1))(react@18.3.1)
      classnames: 2.5.1
      rc-input: 1.8.0(react-dom@18.3.1(react@18.3.1))(react@18.3.1)
      rc-menu: 9.16.1(react-dom@18.3.1(react@18.3.1))(react@18.3.1)
      rc-textarea: 1.10.2(react-dom@18.3.1(react@18.3.1))(react@18.3.1)
      rc-util: 5.44.4(react-dom@18.3.1(react@18.3.1))(react@18.3.1)
      react: 18.3.1
      react-dom: 18.3.1(react@18.3.1)

  rc-menu@9.16.1(react-dom@18.3.1(react@18.3.1))(react@18.3.1):
    dependencies:
      '@babel/runtime': 7.28.6
      '@rc-component/trigger': 2.3.1(react-dom@18.3.1(react@18.3.1))(react@18.3.1)
      classnames: 2.5.1
      rc-motion: 2.9.5(react-dom@18.3.1(react@18.3.1))(react@18.3.1)
      rc-overflow: 1.5.0(react-dom@18.3.1(react@18.3.1))(react@18.3.1)
      rc-util: 5.44.4(react-dom@18.3.1(react@18.3.1))(react@18.3.1)
      react: 18.3.1
      react-dom: 18.3.1(react@18.3.1)

  rc-motion@2.9.5(react-dom@18.3.1(react@18.3.1))(react@18.3.1):
    dependencies:
      '@babel/runtime': 7.28.6
      classnames: 2.5.1
      rc-util: 5.44.4(react-dom@18.3.1(react@18.3.1))(react@18.3.1)
      react: 18.3.1
      react-dom: 18.3.1(react@18.3.1)

  rc-notification@5.6.4(react-dom@18.3.1(react@18.3.1))(react@18.3.1):
    dependencies:
      '@babel/runtime': 7.28.6
      classnames: 2.5.1
      rc-motion: 2.9.5(react-dom@18.3.1(react@18.3.1))(react@18.3.1)
      rc-util: 5.44.4(react-dom@18.3.1(react@18.3.1))(react@18.3.1)
      react: 18.3.1
      react-dom: 18.3.1(react@18.3.1)

  rc-overflow@1.5.0(react-dom@18.3.1(react@18.3.1))(react@18.3.1):
    dependencies:
      '@babel/runtime': 7.28.6
      classnames: 2.5.1
      rc-resize-observer: 1.4.3(react-dom@18.3.1(react@18.3.1))(react@18.3.1)
      rc-util: 5.44.4(react-dom@18.3.1(react@18.3.1))(react@18.3.1)
      react: 18.3.1
      react-dom: 18.3.1(react@18.3.1)

  rc-pagination@5.1.0(react-dom@18.3.1(react@18.3.1))(react@18.3.1):
    dependencies:
      '@babel/runtime': 7.28.6
      classnames: 2.5.1
      rc-util: 5.44.4(react-dom@18.3.1(react@18.3.1))(react@18.3.1)
      react: 18.3.1
      react-dom: 18.3.1(react@18.3.1)

  rc-picker@4.11.3(dayjs@1.11.19)(react-dom@18.3.1(react@18.3.1))(react@18.3.1):
    dependencies:
      '@babel/runtime': 7.28.6
      '@rc-component/trigger': 2.3.1(react-dom@18.3.1(react@18.3.1))(react@18.3.1)
      classnames: 2.5.1
      rc-overflow: 1.5.0(react-dom@18.3.1(react@18.3.1))(react@18.3.1)
      rc-resize-observer: 1.4.3(react-dom@18.3.1(react@18.3.1))(react@18.3.1)
      rc-util: 5.44.4(react-dom@18.3.1(react@18.3.1))(react@18.3.1)
      react: 18.3.1
      react-dom: 18.3.1(react@18.3.1)
    optionalDependencies:
      dayjs: 1.11.19

  rc-progress@4.0.0(react-dom@18.3.1(react@18.3.1))(react@18.3.1):
    dependencies:
      '@babel/runtime': 7.28.6
      classnames: 2.5.1
      rc-util: 5.44.4(react-dom@18.3.1(react@18.3.1))(react@18.3.1)
      react: 18.3.1
      react-dom: 18.3.1(react@18.3.1)

  rc-rate@2.13.1(react-dom@18.3.1(react@18.3.1))(react@18.3.1):
    dependencies:
      '@babel/runtime': 7.28.6
      classnames: 2.5.1
      rc-util: 5.44.4(react-dom@18.3.1(react@18.3.1))(react@18.3.1)
      react: 18.3.1
      react-dom: 18.3.1(react@18.3.1)

  rc-resize-observer@1.4.3(react-dom@18.3.1(react@18.3.1))(react@18.3.1):
    dependencies:
      '@babel/runtime': 7.28.6
      classnames: 2.5.1
      rc-util: 5.44.4(react-dom@18.3.1(react@18.3.1))(react@18.3.1)
      react: 18.3.1
      react-dom: 18.3.1(react@18.3.1)
      resize-observer-polyfill: 1.5.1

  rc-segmented@2.7.1(react-dom@18.3.1(react@18.3.1))(react@18.3.1):
    dependencies:
      '@babel/runtime': 7.28.6
      classnames: 2.5.1
      rc-motion: 2.9.5(react-dom@18.3.1(react@18.3.1))(react@18.3.1)
      rc-util: 5.44.4(react-dom@18.3.1(react@18.3.1))(react@18.3.1)
      react: 18.3.1
      react-dom: 18.3.1(react@18.3.1)

  rc-select@14.16.8(react-dom@18.3.1(react@18.3.1))(react@18.3.1):
    dependencies:
      '@babel/runtime': 7.28.6
      '@rc-component/trigger': 2.3.1(react-dom@18.3.1(react@18.3.1))(react@18.3.1)
      classnames: 2.5.1
      rc-motion: 2.9.5(react-dom@18.3.1(react@18.3.1))(react@18.3.1)
      rc-overflow: 1.5.0(react-dom@18.3.1(react@18.3.1))(react@18.3.1)
      rc-util: 5.44.4(react-dom@18.3.1(react@18.3.1))(react@18.3.1)
      rc-virtual-list: 3.19.2(react-dom@18.3.1(react@18.3.1))(react@18.3.1)
      react: 18.3.1
      react-dom: 18.3.1(react@18.3.1)

  rc-slider@11.1.9(react-dom@18.3.1(react@18.3.1))(react@18.3.1):
    dependencies:
      '@babel/runtime': 7.28.6
      classnames: 2.5.1
      rc-util: 5.44.4(react-dom@18.3.1(react@18.3.1))(react@18.3.1)
      react: 18.3.1
      react-dom: 18.3.1(react@18.3.1)

  rc-steps@6.0.1(react-dom@18.3.1(react@18.3.1))(react@18.3.1):
    dependencies:
      '@babel/runtime': 7.28.6
      classnames: 2.5.1
      rc-util: 5.44.4(react-dom@18.3.1(react@18.3.1))(react@18.3.1)
      react: 18.3.1
      react-dom: 18.3.1(react@18.3.1)

  rc-switch@4.1.0(react-dom@18.3.1(react@18.3.1))(react@18.3.1):
    dependencies:
      '@babel/runtime': 7.28.6
      classnames: 2.5.1
      rc-util: 5.44.4(react-dom@18.3.1(react@18.3.1))(react@18.3.1)
      react: 18.3.1
      react-dom: 18.3.1(react@18.3.1)

  rc-table@7.54.0(react-dom@18.3.1(react@18.3.1))(react@18.3.1):
    dependencies:
      '@babel/runtime': 7.28.6
      '@rc-component/context': 1.4.0(react-dom@18.3.1(react@18.3.1))(react@18.3.1)
      classnames: 2.5.1
      rc-resize-observer: 1.4.3(react-dom@18.3.1(react@18.3.1))(react@18.3.1)
      rc-util: 5.44.4(react-dom@18.3.1(react@18.3.1))(react@18.3.1)
      rc-virtual-list: 3.19.2(react-dom@18.3.1(react@18.3.1))(react@18.3.1)
      react: 18.3.1
      react-dom: 18.3.1(react@18.3.1)

  rc-tabs@15.7.0(react-dom@18.3.1(react@18.3.1))(react@18.3.1):
    dependencies:
      '@babel/runtime': 7.28.6
      classnames: 2.5.1
      rc-dropdown: 4.2.1(react-dom@18.3.1(react@18.3.1))(react@18.3.1)
      rc-menu: 9.16.1(react-dom@18.3.1(react@18.3.1))(react@18.3.1)
      rc-motion: 2.9.5(react-dom@18.3.1(react@18.3.1))(react@18.3.1)
      rc-resize-observer: 1.4.3(react-dom@18.3.1(react@18.3.1))(react@18.3.1)
      rc-util: 5.44.4(react-dom@18.3.1(react@18.3.1))(react@18.3.1)
      react: 18.3.1
      react-dom: 18.3.1(react@18.3.1)

  rc-textarea@1.10.2(react-dom@18.3.1(react@18.3.1))(react@18.3.1):
    dependencies:
      '@babel/runtime': 7.28.6
      classnames: 2.5.1
      rc-input: 1.8.0(react-dom@18.3.1(react@18.3.1))(react@18.3.1)
      rc-resize-observer: 1.4.3(react-dom@18.3.1(react@18.3.1))(react@18.3.1)
      rc-util: 5.44.4(react-dom@18.3.1(react@18.3.1))(react@18.3.1)
      react: 18.3.1
      react-dom: 18.3.1(react@18.3.1)

  rc-tooltip@6.4.0(react-dom@18.3.1(react@18.3.1))(react@18.3.1):
    dependencies:
      '@babel/runtime': 7.28.6
      '@rc-component/trigger': 2.3.1(react-dom@18.3.1(react@18.3.1))(react@18.3.1)
      classnames: 2.5.1
      rc-util: 5.44.4(react-dom@18.3.1(react@18.3.1))(react@18.3.1)
      react: 18.3.1
      react-dom: 18.3.1(react@18.3.1)

  rc-tree-select@5.27.0(react-dom@18.3.1(react@18.3.1))(react@18.3.1):
    dependencies:
      '@babel/runtime': 7.28.6
      classnames: 2.5.1
      rc-select: 14.16.8(react-dom@18.3.1(react@18.3.1))(react@18.3.1)
      rc-tree: 5.13.1(react-dom@18.3.1(react@18.3.1))(react@18.3.1)
      rc-util: 5.44.4(react-dom@18.3.1(react@18.3.1))(react@18.3.1)
      react: 18.3.1
      react-dom: 18.3.1(react@18.3.1)

  rc-tree@5.13.1(react-dom@18.3.1(react@18.3.1))(react@18.3.1):
    dependencies:
      '@babel/runtime': 7.28.6
      classnames: 2.5.1
      rc-motion: 2.9.5(react-dom@18.3.1(react@18.3.1))(react@18.3.1)
      rc-util: 5.44.4(react-dom@18.3.1(react@18.3.1))(react@18.3.1)
      rc-virtual-list: 3.19.2(react-dom@18.3.1(react@18.3.1))(react@18.3.1)
      react: 18.3.1
      react-dom: 18.3.1(react@18.3.1)

  rc-upload@4.11.0(react-dom@18.3.1(react@18.3.1))(react@18.3.1):
    dependencies:
      '@babel/runtime': 7.28.6
      classnames: 2.5.1
      rc-util: 5.44.4(react-dom@18.3.1(react@18.3.1))(react@18.3.1)
      react: 18.3.1
      react-dom: 18.3.1(react@18.3.1)

  rc-util@5.44.4(react-dom@18.3.1(react@18.3.1))(react@18.3.1):
    dependencies:
      '@babel/runtime': 7.28.6
      react: 18.3.1
      react-dom: 18.3.1(react@18.3.1)
      react-is: 18.3.1

  rc-virtual-list@3.19.2(react-dom@18.3.1(react@18.3.1))(react@18.3.1):
    dependencies:
      '@babel/runtime': 7.28.6
      classnames: 2.5.1
      rc-resize-observer: 1.4.3(react-dom@18.3.1(react@18.3.1))(react@18.3.1)
      rc-util: 5.44.4(react-dom@18.3.1(react@18.3.1))(react@18.3.1)
      react: 18.3.1
      react-dom: 18.3.1(react@18.3.1)

  react-dom@18.3.1(react@18.3.1):
    dependencies:
      loose-envify: 1.4.0
      react: 18.3.1
      scheduler: 0.23.2

  react-is@18.3.1: {}

  react@18.3.1:
    dependencies:
      loose-envify: 1.4.0

  resize-observer-polyfill@1.5.1: {}

  scheduler@0.23.2:
    dependencies:
      loose-envify: 1.4.0

  scroll-into-view-if-needed@3.1.0:
    dependencies:
      compute-scroll-into-view: 3.1.1

  source-map-js@1.2.1: {}

  streamsearch@1.1.0: {}

  string-convert@0.2.1: {}

  styled-jsx@5.1.1(react@18.3.1):
    dependencies:
      client-only: 0.0.1
      react: 18.3.1

  stylis@4.3.6: {}

  swr@2.4.0(react@18.3.1):
    dependencies:
      dequal: 2.0.3
      react: 18.3.1
      use-sync-external-store: 1.6.0(react@18.3.1)

  throttle-debounce@5.0.2: {}

  toggle-selection@1.0.6: {}

  tslib@2.8.1: {}

  typescript@5.9.3: {}

  undici-types@6.21.0: {}

  use-sync-external-store@1.6.0(react@18.3.1):
    dependencies:
      react: 18.3.1
